// !$*UTF8*$!
{
	archiveVersion = 1;
	classes = {
	};
	objectVersion = 77;
	objects = {

/* Begin PBXBuildFile section */
		59EBB66E2EBED81400EC9FE9 /* landmarkData.json in Resources */ = {isa = PBXBuildFile; fileRef = 59EBB65F2EBED81400EC9FE9 /* landmarkData.json */; };
		59EBB66F2EBED81400EC9FE9 /* Assets.xcassets in Resources */ = {isa = PBXBuildFile; fileRef = 59EBB66B2EBED81400EC9FE9 /* Assets.xcassets */; };
		59EBB6702EBED81400EC9FE9 /* Landmark.swift in Sources */ = {isa = PBXBuildFile; fileRef = 59EBB65C2EBED81400EC9FE9 /* Landmark.swift */; };
		59EBB6712EBED81400EC9FE9 /* ModelData.swift in Sources */ = {isa = PBXBuildFile; fileRef = 59EBB65D2EBED81400EC9FE9 /* ModelData.swift */; };
		59EBB6722EBED81400EC9FE9 /* CircleImage.swift in Sources */ = {isa = PBXBuildFile; fileRef = 59EBB6612EBED81400EC9FE9 /* CircleImage.swift */; };
		59EBB6732EBED81400EC9FE9 /* FavoriteButton.swift in Sources */ = {isa = PBXBuildFile; fileRef = 59EBB6622EBED81400EC9FE9 /* FavoriteButton.swift */; };
		59EBB6742EBED81400EC9FE9 /* MapView.swift in Sources */ = {isa = PBXBuildFile; fileRef = 59EBB6632EBED81400EC9FE9 /* MapView.swift */; };
		59EBB6752EBED81400EC9FE9 /* LandmarkDetail.swift in Sources */ = {isa = PBXBuildFile; fileRef = 59EBB6652EBED81400EC9FE9 /* LandmarkDetail.swift */; };
		59EBB6762EBED81400EC9FE9 /* LandmarkList.swift in Sources */ = {isa = PBXBuildFile; fileRef = 59EBB6662EBED81400EC9FE9 /* LandmarkList.swift */; };
		59EBB6772EBED81400EC9FE9 /* LandmarkRow.swift in Sources */ = {isa = PBXBuildFile; fileRef = 59EBB6672EBED81400EC9FE9 /* LandmarkRow.swift */; };
		59EBB6782EBED81400EC9FE9 /* ContentView.swift in Sources */ = {isa = PBXBuildFile; fileRef = 59EBB6692EBED81400EC9FE9 /* ContentView.swift */; };
		59EBB6792EBED81400EC9FE9 /* LandmarksApp.swift in Sources */ = {isa = PBXBuildFile; fileRef = 59EBB66C2EBED81400EC9FE9 /* LandmarksApp.swift */; };
		59EBB67B2EBF05A900EC9FE9 /* HexagonParameters.swift in Sources */ = {isa = PBXBuildFile; fileRef = 59EBB67A2EBF05A900EC9FE9 /* HexagonParameters.swift */; };
		59EBB67D2EBF06D300EC9FE9 /* BadgeBackground.swift in Sources */ = {isa = PBXBuildFile; fileRef = 59EBB67C2EBF06D300EC9FE9 /* BadgeBackground.swift */; };
		59EBB6812EBF207700EC9FE9 /* BadgeSymbol.swift in Sources */ = {isa = PBXBuildFile; fileRef = 59EBB6802EBF207700EC9FE9 /* BadgeSymbol.swift */; };
		59EBB6832EBF20BA00EC9FE9 /* RotatedBadgeSymbol.swift in Sources */ = {isa = PBXBuildFile; fileRef = 59EBB6822EBF20BA00EC9FE9 /* RotatedBadgeSymbol.swift */; };
		59EBB6852EBF20EC00EC9FE9 /* Badge.swift in Sources */ = {isa = PBXBuildFile; fileRef = 59EBB6842EBF20EC00EC9FE9 /* Badge.swift */; };
		59EBB6882EBF233600EC9FE9 /* hikeData.json in Resources */ = {isa = PBXBuildFile; fileRef = 59EBB6872EBF233600EC9FE9 /* hikeData.json */; };
		59EBB68A2EBF237500EC9FE9 /* Hike.swift in Sources */ = {isa = PBXBuildFile; fileRef = 59EBB6892EBF237500EC9FE9 /* Hike.swift */; };
		59EBB6902EBF24AA00EC9FE9 /* HikeView.swift in Sources */ = {isa = PBXBuildFile; fileRef = 59EBB68E2EBF24AA00EC9FE9 /* HikeView.swift */; };
		59EBB6912EBF24AA00EC9FE9 /* GraphCapsule.swift in Sources */ = {isa = PBXBuildFile; fileRef = 59EBB68B2EBF24AA00EC9FE9 /* GraphCapsule.swift */; };
		59EBB6922EBF24AA00EC9FE9 /* HikeDetail.swift in Sources */ = {isa = PBXBuildFile; fileRef = 59EBB68C2EBF24AA00EC9FE9 /* HikeDetail.swift */; };
		59EBB6932EBF24AA00EC9FE9 /* HikeGraph.swift in Sources */ = {isa = PBXBuildFile; fileRef = 59EBB68D2EBF24AA00EC9FE9 /* HikeGraph.swift */; };
/* End PBXBuildFile section */

/* Begin PBXContainerItemProxy section */
		5913DB1B2EBCCC8F00308062 /* PBXContainerItemProxy */ = {
			isa = PBXContainerItemProxy;
			containerPortal = 5913DB052EBCCC8D00308062 /* Project object */;
			proxyType = 1;
			remoteGlobalIDString = 5913DB0C2EBCCC8D00308062;
			remoteInfo = Landmarks;
		};
		5913DB252EBCCC8F00308062 /* PBXContainerItemProxy */ = {
			isa = PBXContainerItemProxy;
			containerPortal = 5913DB052EBCCC8D00308062 /* Project object */;
			proxyType = 1;
			remoteGlobalIDString = 5913DB0C2EBCCC8D00308062;
			remoteInfo = Landmarks;
		};
/* End PBXContainerItemProxy section */

/* Begin PBXFileReference section */
		5913DB0D2EBCCC8D00308062 /* Landmarks.app */ = {isa = PBXFileReference; explicitFileType = wrapper.application; includeInIndex = 0; path = Landmarks.app; sourceTree = BUILT_PRODUCTS_DIR; };
		5913DB1A2EBCCC8F00308062 /* LandmarksTests.xctest */ = {isa = PBXFileReference; explicitFileType = wrapper.cfbundle; includeInIndex = 0; path = LandmarksTests.xctest; sourceTree = BUILT_PRODUCTS_DIR; };
		5913DB242EBCCC8F00308062 /* LandmarksUITests.xctest */ = {isa = PBXFileReference; explicitFileType = wrapper.cfbundle; includeInIndex = 0; path = LandmarksUITests.xctest; sourceTree = BUILT_PRODUCTS_DIR; };
		59EBB65C2EBED81400EC9FE9 /* Landmark.swift */ = {isa = PBXFileReference; lastKnownFileType = sourcecode.swift; path = Landmark.swift; sourceTree = "<group>"; };
		59EBB65D2EBED81400EC9FE9 /* ModelData.swift */ = {isa = PBXFileReference; lastKnownFileType = sourcecode.swift; path = ModelData.swift; sourceTree = "<group>"; };
		59EBB65F2EBED81400EC9FE9 /* landmarkData.json */ = {isa = PBXFileReference; lastKnownFileType = text.json; path = landmarkData.json; sourceTree = "<group>"; };
		59EBB6612EBED81400EC9FE9 /* CircleImage.swift */ = {isa = PBXFileReference; lastKnownFileType = sourcecode.swift; path = CircleImage.swift; sourceTree = "<group>"; };
		59EBB6622EBED81400EC9FE9 /* FavoriteButton.swift */ = {isa = PBXFileReference; lastKnownFileType = sourcecode.swift; path = FavoriteButton.swift; sourceTree = "<group>"; };
		59EBB6632EBED81400EC9FE9 /* MapView.swift */ = {isa = PBXFileReference; lastKnownFileType = sourcecode.swift; path = MapView.swift; sourceTree = "<group>"; };
		59EBB6652EBED81400EC9FE9 /* LandmarkDetail.swift */ = {isa = PBXFileReference; lastKnownFileType = sourcecode.swift; path = LandmarkDetail.swift; sourceTree = "<group>"; };
		59EBB6662EBED81400EC9FE9 /* LandmarkList.swift */ = {isa = PBXFileReference; lastKnownFileType = sourcecode.swift; path = LandmarkList.swift; sourceTree = "<group>"; };
		59EBB6672EBED81400EC9FE9 /* LandmarkRow.swift */ = {isa = PBXFileReference; lastKnownFileType = sourcecode.swift; path = LandmarkRow.swift; sourceTree = "<group>"; };
		59EBB6692EBED81400EC9FE9 /* ContentView.swift */ = {isa = PBXFileReference; lastKnownFileType = sourcecode.swift; path = ContentView.swift; sourceTree = "<group>"; };
		59EBB66B2EBED81400EC9FE9 /* Assets.xcassets */ = {isa = PBXFileReference; lastKnownFileType = folder.assetcatalog; path = Assets.xcassets; sourceTree = "<group>"; };
		59EBB66C2EBED81400EC9FE9 /* LandmarksApp.swift */ = {isa = PBXFileReference; lastKnownFileType = sourcecode.swift; path = LandmarksApp.swift; sourceTree = "<group>"; };
		59EBB67A2EBF05A900EC9FE9 /* HexagonParameters.swift */ = {isa = PBXFileReference; lastKnownFileType = sourcecode.swift; path = HexagonParameters.swift; sourceTree = "<group>"; };
		59EBB67C2EBF06D300EC9FE9 /* BadgeBackground.swift */ = {isa = PBXFileReference; lastKnownFileType = sourcecode.swift; path = BadgeBackground.swift; sourceTree = "<group>"; };
		59EBB6802EBF207700EC9FE9 /* BadgeSymbol.swift */ = {isa = PBXFileReference; lastKnownFileType = sourcecode.swift; path = BadgeSymbol.swift; sourceTree = "<group>"; };
		59EBB6822EBF20BA00EC9FE9 /* RotatedBadgeSymbol.swift */ = {isa = PBXFileReference; lastKnownFileType = sourcecode.swift; path = RotatedBadgeSymbol.swift; sourceTree = "<group>"; };
		59EBB6842EBF20EC00EC9FE9 /* Badge.swift */ = {isa = PBXFileReference; lastKnownFileType = sourcecode.swift; path = Badge.swift; sourceTree = "<group>"; };
		59EBB6872EBF233600EC9FE9 /* hikeData.json */ = {isa = PBXFileReference; lastKnownFileType = text.json; path = hikeData.json; sourceTree = "<group>"; };
		59EBB6892EBF237500EC9FE9 /* Hike.swift */ = {isa = PBXFileReference; lastKnownFileType = sourcecode.swift; path = Hike.swift; sourceTree = "<group>"; };
		59EBB68B2EBF24AA00EC9FE9 /* GraphCapsule.swift */ = {isa = PBXFileReference; lastKnownFileType = sourcecode.swift; path = GraphCapsule.swift; sourceTree = "<group>"; };
		59EBB68C2EBF24AA00EC9FE9 /* HikeDetail.swift */ = {isa = PBXFileReference; lastKnownFileType = sourcecode.swift; path = HikeDetail.swift; sourceTree = "<group>"; };
		59EBB68D2EBF24AA00EC9FE9 /* HikeGraph.swift */ = {isa = PBXFileReference; lastKnownFileType = sourcecode.swift; path = HikeGraph.swift; sourceTree = "<group>"; };
		59EBB68E2EBF24AA00EC9FE9 /* HikeView.swift */ = {isa = PBXFileReference; lastKnownFileType = sourcecode.swift; path = HikeView.swift; sourceTree = "<group>"; };
/* End PBXFileReference section */

/* Begin PBXFileSystemSynchronizedRootGroup section */
		5913DB1D2EBCCC8F00308062 /* LandmarksTests */ = {
			isa = PBXFileSystemSynchronizedRootGroup;
			path = LandmarksTests;
			sourceTree = "<group>";
		};
		5913DB272EBCCC8F00308062 /* LandmarksUITests */ = {
			isa = PBXFileSystemSynchronizedRootGroup;
			path = LandmarksUITests;
			sourceTree = "<group>";
		};
/* End PBXFileSystemSynchronizedRootGroup section */

/* Begin PBXFrameworksBuildPhase section */
		5913DB0A2EBCCC8D00308062 /* Frameworks */ = {
			isa = PBXFrameworksBuildPhase;
			buildActionMask = 2147483647;
			files = (
			);
			runOnlyForDeploymentPostprocessing = 0;
		};
		5913DB172EBCCC8F00308062 /* Frameworks */ = {
			isa = PBXFrameworksBuildPhase;
			buildActionMask = 2147483647;
			files = (
			);
			runOnlyForDeploymentPostprocessing = 0;
		};
		5913DB212EBCCC8F00308062 /* Frameworks */ = {
			isa = PBXFrameworksBuildPhase;
			buildActionMask = 2147483647;
			files = (
			);
			runOnlyForDeploymentPostprocessing = 0;
		};
/* End PBXFrameworksBuildPhase section */

/* Begin PBXGroup section */
		5913DB042EBCCC8D00308062 = {
			isa = PBXGroup;
			children = (
				59EBB66D2EBED81400EC9FE9 /* Landmarks */,
				5913DB1D2EBCCC8F00308062 /* LandmarksTests */,
				5913DB272EBCCC8F00308062 /* LandmarksUITests */,
				5913DB0E2EBCCC8D00308062 /* Products */,
			);
			sourceTree = "<group>";
		};
		5913DB0E2EBCCC8D00308062 /* Products */ = {
			isa = PBXGroup;
			children = (
				5913DB0D2EBCCC8D00308062 /* Landmarks.app */,
				5913DB1A2EBCCC8F00308062 /* LandmarksTests.xctest */,
				5913DB242EBCCC8F00308062 /* LandmarksUITests.xctest */,
			);
			name = Products;
			sourceTree = "<group>";
		};
		59EBB65E2EBED81400EC9FE9 /* Model */ = {
			isa = PBXGroup;
			children = (
				59EBB65C2EBED81400EC9FE9 /* Landmark.swift */,
				59EBB65D2EBED81400EC9FE9 /* ModelData.swift */,
				59EBB6892EBF237500EC9FE9 /* Hike.swift */,
			);
			path = Model;
			sourceTree = "<group>";
		};
		59EBB6602EBED81400EC9FE9 /* Resources */ = {
			isa = PBXGroup;
			children = (
				59EBB65F2EBED81400EC9FE9 /* landmarkData.json */,
				59EBB6872EBF233600EC9FE9 /* hikeData.json */,
			);
			path = Resources;
			sourceTree = "<group>";
		};
		59EBB6642EBED81400EC9FE9 /* Helper */ = {
			isa = PBXGroup;
			children = (
				59EBB6612EBED81400EC9FE9 /* CircleImage.swift */,
				59EBB6622EBED81400EC9FE9 /* FavoriteButton.swift */,
				59EBB6632EBED81400EC9FE9 /* MapView.swift */,
			);
			path = Helper;
			sourceTree = "<group>";
		};
		59EBB6682EBED81400EC9FE9 /* Landmarks */ = {
			isa = PBXGroup;
			children = (
				59EBB6652EBED81400EC9FE9 /* LandmarkDetail.swift */,
				59EBB6662EBED81400EC9FE9 /* LandmarkList.swift */,
				59EBB6672EBED81400EC9FE9 /* LandmarkRow.swift */,
			);
			path = Landmarks;
			sourceTree = "<group>";
		};
		59EBB66A2EBED81400EC9FE9 /* Views */ = {
			isa = PBXGroup;
			children = (
				59EBB6692EBED81400EC9FE9 /* ContentView.swift */,
				59EBB6682EBED81400EC9FE9 /* Landmarks */,
				59EBB68F2EBF24AA00EC9FE9 /* Hikes */,
				59EBB6862EBF212A00EC9FE9 /* Badges */,
				59EBB6642EBED81400EC9FE9 /* Helper */,
			);
			path = Views;
			sourceTree = "<group>";
		};
		59EBB66D2EBED81400EC9FE9 /* Landmarks */ = {
			isa = PBXGroup;
			children = (
				59EBB66C2EBED81400EC9FE9 /* LandmarksApp.swift */,
				59EBB66A2EBED81400EC9FE9 /* Views */,
				59EBB65E2EBED81400EC9FE9 /* Model */,
				59EBB6602EBED81400EC9FE9 /* Resources */,
				59EBB66B2EBED81400EC9FE9 /* Assets.xcassets */,
			);
			path = Landmarks;
			sourceTree = "<group>";
		};
		59EBB6862EBF212A00EC9FE9 /* Badges */ = {
			isa = PBXGroup;
			children = (
				59EBB6842EBF20EC00EC9FE9 /* Badge.swift */,
				59EBB67C2EBF06D300EC9FE9 /* BadgeBackground.swift */,
				59EBB6802EBF207700EC9FE9 /* BadgeSymbol.swift */,
				59EBB6822EBF20BA00EC9FE9 /* RotatedBadgeSymbol.swift */,
				59EBB67A2EBF05A900EC9FE9 /* HexagonParameters.swift */,
			);
			path = Badges;
			sourceTree = "<group>";
		};
		59EBB68F2EBF24AA00EC9FE9 /* Hikes */ = {
			isa = PBXGroup;
			children = (
				59EBB68B2EBF24AA00EC9FE9 /* GraphCapsule.swift */,
				59EBB68C2EBF24AA00EC9FE9 /* HikeDetail.swift */,
				59EBB68D2EBF24AA00EC9FE9 /* HikeGraph.swift */,
				59EBB68E2EBF24AA00EC9FE9 /* HikeView.swift */,
			);
			path = Hikes;
			sourceTree = "<group>";
		};
/* End PBXGroup section */

/* Begin PBXNativeTarget section */
		5913DB0C2EBCCC8D00308062 /* Landmarks */ = {
			isa = PBXNativeTarget;
			buildConfigurationList = 5913DB2E2EBCCC8F00308062 /* Build configuration list for PBXNativeTarget "Landmarks" */;
			buildPhases = (
				5913DB092EBCCC8D00308062 /* Sources */,
				5913DB0A2EBCCC8D00308062 /* Frameworks */,
				5913DB0B2EBCCC8D00308062 /* Resources */,
			);
			buildRules = (
			);
			dependencies = (
			);
			name = Landmarks;
			packageProductDependencies = (
			);
			productName = Landmarks;
			productReference = 5913DB0D2EBCCC8D00308062 /* Landmarks.app */;
			productType = "com.apple.product-type.application";
		};
		5913DB192EBCCC8F00308062 /* LandmarksTests */ = {
			isa = PBXNativeTarget;
			buildConfigurationList = 5913DB312EBCCC8F00308062 /* Build configuration list for PBXNativeTarget "LandmarksTests" */;
			buildPhases = (
				5913DB162EBCCC8F00308062 /* Sources */,
				5913DB172EBCCC8F00308062 /* Frameworks */,
				5913DB182EBCCC8F00308062 /* Resources */,
			);
			buildRules = (
			);
			dependencies = (
				5913DB1C2EBCCC8F00308062 /* PBXTargetDependency */,
			);
			fileSystemSynchronizedGroups = (
				5913DB1D2EBCCC8F00308062 /* LandmarksTests */,
			);
			name = LandmarksTests;
			packageProductDependencies = (
			);
			productName = LandmarksTests;
			productReference = 5913DB1A2EBCCC8F00308062 /* LandmarksTests.xctest */;
			productType = "com.apple.product-type.bundle.unit-test";
		};
		5913DB232EBCCC8F00308062 /* LandmarksUITests */ = {
			isa = PBXNativeTarget;
			buildConfigurationList = 5913DB342EBCCC8F00308062 /* Build configuration list for PBXNativeTarget "LandmarksUITests" */;
			buildPhases = (
				5913DB202EBCCC8F00308062 /* Sources */,
				5913DB212EBCCC8F00308062 /* Frameworks */,
				5913DB222EBCCC8F00308062 /* Resources */,
			);
			buildRules = (
			);
			dependencies = (
				5913DB262EBCCC8F00308062 /* PBXTargetDependency */,
			);
			fileSystemSynchronizedGroups = (
				5913DB272EBCCC8F00308062 /* LandmarksUITests */,
			);
			name = LandmarksUITests;
			packageProductDependencies = (
			);
			productName = LandmarksUITests;
			productReference = 5913DB242EBCCC8F00308062 /* LandmarksUITests.xctest */;
			productType = "com.apple.product-type.bundle.ui-testing";
		};
/* End PBXNativeTarget section */

/* Begin PBXProject section */
		5913DB052EBCCC8D00308062 /* Project object */ = {
			isa = PBXProject;
			attributes = {
				BuildIndependentTargetsInParallel = 1;
				LastSwiftUpdateCheck = 1630;
				LastUpgradeCheck = 1630;
				TargetAttributes = {
					5913DB0C2EBCCC8D00308062 = {
						CreatedOnToolsVersion = 16.3;
					};
					5913DB192EBCCC8F00308062 = {
						CreatedOnToolsVersion = 16.3;
						TestTargetID = 5913DB0C2EBCCC8D00308062;
					};
					5913DB232EBCCC8F00308062 = {
						CreatedOnToolsVersion = 16.3;
						TestTargetID = 5913DB0C2EBCCC8D00308062;
					};
				};
			};
			buildConfigurationList = 5913DB082EBCCC8D00308062 /* Build configuration list for PBXProject "Landmarks" */;
			developmentRegion = en;
			hasScannedForEncodings = 0;
			knownRegions = (
				en,
				Base,
			);
			mainGroup = 5913DB042EBCCC8D00308062;
			minimizedProjectReferenceProxies = 1;
			preferredProjectObjectVersion = 77;
			productRefGroup = 5913DB0E2EBCCC8D00308062 /* Products */;
			projectDirPath = "";
			projectRoot = "";
			targets = (
				5913DB0C2EBCCC8D00308062 /* Landmarks */,
				5913DB192EBCCC8F00308062 /* LandmarksTests */,
				5913DB232EBCCC8F00308062 /* LandmarksUITests */,
			);
		};
/* End PBXProject section */

/* Begin PBXResourcesBuildPhase section */
		5913DB0B2EBCCC8D00308062 /* Resources */ = {
			isa = PBXResourcesBuildPhase;
			buildActionMask = 2147483647;
			files = (
				59EBB66E2EBED81400EC9FE9 /* landmarkData.json in Resources */,
				59EBB6882EBF233600EC9FE9 /* hikeData.json in Resources */,
				59EBB66F2EBED81400EC9FE9 /* Assets.xcassets in Resources */,
			);
			runOnlyForDeploymentPostprocessing = 0;
		};
		5913DB182EBCCC8F00308062 /* Resources */ = {
			isa = PBXResourcesBuildPhase;
			buildActionMask = 2147483647;
			files = (
			);
			runOnlyForDeploymentPostprocessing = 0;
		};
		5913DB222EBCCC8F00308062 /* Resources */ = {
			isa = PBXResourcesBuildPhase;
			buildActionMask = 2147483647;
			files = (
			);
			runOnlyForDeploymentPostprocessing = 0;
		};
/* End PBXResourcesBuildPhase section */

/* Begin PBXSourcesBuildPhase section */
		5913DB092EBCCC8D00308062 /* Sources */ = {
			isa = PBXSourcesBuildPhase;
			buildActionMask = 2147483647;
			files = (
				59EBB6702EBED81400EC9FE9 /* Landmark.swift in Sources */,
				59EBB6852EBF20EC00EC9FE9 /* Badge.swift in Sources */,
				59EBB6712EBED81400EC9FE9 /* ModelData.swift in Sources */,
				59EBB6722EBED81400EC9FE9 /* CircleImage.swift in Sources */,
				59EBB6732EBED81400EC9FE9 /* FavoriteButton.swift in Sources */,
				59EBB67B2EBF05A900EC9FE9 /* HexagonParameters.swift in Sources */,
				59EBB68A2EBF237500EC9FE9 /* Hike.swift in Sources */,
				59EBB6832EBF20BA00EC9FE9 /* RotatedBadgeSymbol.swift in Sources */,
				59EBB6812EBF207700EC9FE9 /* BadgeSymbol.swift in Sources */,
				59EBB6742EBED81400EC9FE9 /* MapView.swift in Sources */,
				59EBB6752EBED81400EC9FE9 /* LandmarkDetail.swift in Sources */,
				59EBB67D2EBF06D300EC9FE9 /* BadgeBackground.swift in Sources */,
				59EBB6762EBED81400EC9FE9 /* LandmarkList.swift in Sources */,
				59EBB6772EBED81400EC9FE9 /* LandmarkRow.swift in Sources */,
				59EBB6782EBED81400EC9FE9 /* ContentView.swift in Sources */,
				59EBB6902EBF24AA00EC9FE9 /* HikeView.swift in Sources */,
				59EBB6912EBF24AA00EC9FE9 /* GraphCapsule.swift in Sources */,
				59EBB6922EBF24AA00EC9FE9 /* HikeDetail.swift in Sources */,
				59EBB6932EBF24AA00EC9FE9 /* HikeGraph.swift in Sources */,
				59EBB6792EBED81400EC9FE9 /* LandmarksApp.swift in Sources */,
			);
			runOnlyForDeploymentPostprocessing = 0;
		};
		5913DB162EBCCC8F00308062 /* Sources */ = {
			isa = PBXSourcesBuildPhase;
			buildActionMask = 2147483647;
			files = (
			);
			runOnlyForDeploymentPostprocessing = 0;
		};
		5913DB202EBCCC8F00308062 /* Sources */ = {
			isa = PBXSourcesBuildPhase;
			buildActionMask = 2147483647;
			files = (
			);
			runOnlyForDeploymentPostprocessing = 0;
		};
/* End PBXSourcesBuildPhase section */

/* Begin PBXTargetDependency section */
		5913DB1C2EBCCC8F00308062 /* PBXTargetDependency */ = {
			isa = PBXTargetDependency;
			target = 5913DB0C2EBCCC8D00308062 /* Landmarks */;
			targetProxy = 5913DB1B2EBCCC8F00308062 /* PBXContainerItemProxy */;
		};
		5913DB262EBCCC8F00308062 /* PBXTargetDependency */ = {
			isa = PBXTargetDependency;
			target = 5913DB0C2EBCCC8D00308062 /* Landmarks */;
			targetProxy = 5913DB252EBCCC8F00308062 /* PBXContainerItemProxy */;
		};
/* End PBXTargetDependency section */

/* Begin XCBuildConfiguration section */
		5913DB2C2EBCCC8F00308062 /* Debug */ = {
			isa = XCBuildConfiguration;
			buildSettings = {
				ALWAYS_SEARCH_USER_PATHS = NO;
				ASSETCATALOG_COMPILER_GENERATE_SWIFT_ASSET_SYMBOL_EXTENSIONS = YES;
				CLANG_ANALYZER_NONNULL = YES;
				CLANG_ANALYZER_NUMBER_OBJECT_CONVERSION = YES_AGGRESSIVE;
				CLANG_CXX_LANGUAGE_STANDARD = "gnu++20";
				CLANG_ENABLE_MODULES = YES;
				CLANG_ENABLE_OBJC_ARC = YES;
				CLANG_ENABLE_OBJC_WEAK = YES;
				CLANG_WARN_BLOCK_CAPTURE_AUTORELEASING = YES;
				CLANG_WARN_BOOL_CONVERSION = YES;
				CLANG_WARN_COMMA = YES;
				CLANG_WARN_CONSTANT_CONVERSION = YES;
				CLANG_WARN_DEPRECATED_OBJC_IMPLEMENTATIONS = YES;
				CLANG_WARN_DIRECT_OBJC_ISA_USAGE = YES_ERROR;
				CLANG_WARN_DOCUMENTATION_COMMENTS = YES;
				CLANG_WARN_EMPTY_BODY = YES;
				CLANG_WARN_ENUM_CONVERSION = YES;
				CLANG_WARN_INFINITE_RECURSION = YES;
				CLANG_WARN_INT_CONVERSION = YES;
				CLANG_WARN_NON_LITERAL_NULL_CONVERSION = YES;
				CLANG_WARN_OBJC_IMPLICIT_RETAIN_SELF = YES;
				CLANG_WARN_OBJC_LITERAL_CONVERSION = YES;
				CLANG_WARN_OBJC_ROOT_CLASS = YES_ERROR;
				CLANG_WARN_QUOTED_INCLUDE_IN_FRAMEWORK_HEADER = YES;
				CLANG_WARN_RANGE_LOOP_ANALYSIS = YES;
				CLANG_WARN_STRICT_PROTOTYPES = YES;
				CLANG_WARN_SUSPICIOUS_MOVE = YES;
				CLANG_WARN_UNGUARDED_AVAILABILITY = YES_AGGRESSIVE;
				CLANG_WARN_UNREACHABLE_CODE = YES;
				CLANG_WARN__DUPLICATE_METHOD_MATCH = YES;
				COPY_PHASE_STRIP = NO;
				DEBUG_INFORMATION_FORMAT = dwarf;
				DEVELOPMENT_TEAM = UJMCZFWPX8;
				ENABLE_STRICT_OBJC_MSGSEND = YES;
				ENABLE_TESTABILITY = YES;
				ENABLE_USER_SCRIPT_SANDBOXING = YES;
				GCC_C_LANGUAGE_STANDARD = gnu17;
				GCC_DYNAMIC_NO_PIC = NO;
				GCC_NO_COMMON_BLOCKS = YES;
				GCC_OPTIMIZATION_LEVEL = 0;
				GCC_PREPROCESSOR_DEFINITIONS = (
					"DEBUG=1",
					"$(inherited)",
				);
				GCC_WARN_64_TO_32_BIT_CONVERSION = YES;
				GCC_WARN_ABOUT_RETURN_TYPE = YES_ERROR;
				GCC_WARN_UNDECLARED_SELECTOR = YES;
				GCC_WARN_UNINITIALIZED_AUTOS = YES_AGGRESSIVE;
				GCC_WARN_UNUSED_FUNCTION = YES;
				GCC_WARN_UNUSED_VARIABLE = YES;
				IPHONEOS_DEPLOYMENT_TARGET = 18.4;
				LOCALIZATION_PREFERS_STRING_CATALOGS = YES;
				MTL_ENABLE_DEBUG_INFO = INCLUDE_SOURCE;
				MTL_FAST_MATH = YES;
				ONLY_ACTIVE_ARCH = YES;
				SDKROOT = iphoneos;
				SWIFT_ACTIVE_COMPILATION_CONDITIONS = "DEBUG $(inherited)";
				SWIFT_OPTIMIZATION_LEVEL = "-Onone";
			};
			name = Debug;
		};
		5913DB2D2EBCCC8F00308062 /* Release */ = {
			isa = XCBuildConfiguration;
			buildSettings = {
				ALWAYS_SEARCH_USER_PATHS = NO;
				ASSETCATALOG_COMPILER_GENERATE_SWIFT_ASSET_SYMBOL_EXTENSIONS = YES;
				CLANG_ANALYZER_NONNULL = YES;
				CLANG_ANALYZER_NUMBER_OBJECT_CONVERSION = YES_AGGRESSIVE;
				CLANG_CXX_LANGUAGE_STANDARD = "gnu++20";
				CLANG_ENABLE_MODULES = YES;
				CLANG_ENABLE_OBJC_ARC = YES;
				CLANG_ENABLE_OBJC_WEAK = YES;
				CLANG_WARN_BLOCK_CAPTURE_AUTORELEASING = YES;
				CLANG_WARN_BOOL_CONVERSION = YES;
				CLANG_WARN_COMMA = YES;
				CLANG_WARN_CONSTANT_CONVERSION = YES;
				CLANG_WARN_DEPRECATED_OBJC_IMPLEMENTATIONS = YES;
				CLANG_WARN_DIRECT_OBJC_ISA_USAGE = YES_ERROR;
				CLANG_WARN_DOCUMENTATION_COMMENTS = YES;
				CLANG_WARN_EMPTY_BODY = YES;
				CLANG_WARN_ENUM_CONVERSION = YES;
				CLANG_WARN_INFINITE_RECURSION = YES;
				CLANG_WARN_INT_CONVERSION = YES;
				CLANG_WARN_NON_LITERAL_NULL_CONVERSION = YES;
				CLANG_WARN_OBJC_IMPLICIT_RETAIN_SELF = YES;
				CLANG_WARN_OBJC_LITERAL_CONVERSION = YES;
				CLANG_WARN_OBJC_ROOT_CLASS = YES_ERROR;
				CLANG_WARN_QUOTED_INCLUDE_IN_FRAMEWORK_HEADER = YES;
				CLANG_WARN_RANGE_LOOP_ANALYSIS = YES;
				CLANG_WARN_STRICT_PROTOTYPES = YES;
				CLANG_WARN_SUSPICIOUS_MOVE = YES;
				CLANG_WARN_UNGUARDED_AVAILABILITY = YES_AGGRESSIVE;
				CLANG_WARN_UNREACHABLE_CODE = YES;
				CLANG_WARN__DUPLICATE_METHOD_MATCH = YES;
				COPY_PHASE_STRIP = NO;
				DEBUG_INFORMATION_FORMAT = "dwarf-with-dsym";
				DEVELOPMENT_TEAM = UJMCZFWPX8;
				ENABLE_NS_ASSERTIONS = NO;
				ENABLE_STRICT_OBJC_MSGSEND = YES;
				ENABLE_USER_SCRIPT_SANDBOXING = YES;
				GCC_C_LANGUAGE_STANDARD = gnu17;
				GCC_NO_COMMON_BLOCKS = YES;
				GCC_WARN_64_TO_32_BIT_CONVERSION = YES;
				GCC_WARN_ABOUT_RETURN_TYPE = YES_ERROR;
				GCC_WARN_UNDECLARED_SELECTOR = YES;
				GCC_WARN_UNINITIALIZED_AUTOS = YES_AGGRESSIVE;
				GCC_WARN_UNUSED_FUNCTION = YES;
				GCC_WARN_UNUSED_VARIABLE = YES;
				IPHONEOS_DEPLOYMENT_TARGET = 18.4;
				LOCALIZATION_PREFERS_STRING_CATALOGS = YES;
				MTL_ENABLE_DEBUG_INFO = NO;
				MTL_FAST_MATH = YES;
				SDKROOT = iphoneos;
				SWIFT_COMPILATION_MODE = wholemodule;
				VALIDATE_PRODUCT = YES;
			};
			name = Release;
		};
		5913DB2F2EBCCC8F00308062 /* Debug */ = {
			isa = XCBuildConfiguration;
			buildSettings = {
				ASSETCATALOG_COMPILER_APPICON_NAME = AppIcon;
				ASSETCATALOG_COMPILER_GLOBAL_ACCENT_COLOR_NAME = AccentColor;
				CODE_SIGN_STYLE = Automatic;
				CURRENT_PROJECT_VERSION = 1;
				DEVELOPMENT_TEAM = UJMCZFWPX8;
				ENABLE_PREVIEWS = YES;
				GENERATE_INFOPLIST_FILE = YES;
				INFOPLIST_KEY_UIApplicationSceneManifest_Generation = YES;
				INFOPLIST_KEY_UIApplicationSupportsIndirectInputEvents = YES;
				INFOPLIST_KEY_UILaunchScreen_Generation = YES;
				INFOPLIST_KEY_UISupportedInterfaceOrientations_iPad = "UIInterfaceOrientationPortrait UIInterfaceOrientationPortraitUpsideDown UIInterfaceOrientationLandscapeLeft UIInterfaceOrientationLandscapeRight";
				INFOPLIST_KEY_UISupportedInterfaceOrientations_iPhone = "UIInterfaceOrientationPortrait UIInterfaceOrientationLandscapeLeft UIInterfaceOrientationLandscapeRight";
				LD_RUNPATH_SEARCH_PATHS = (
					"$(inherited)",
					"@executable_path/Frameworks",
				);
				MARKETING_VERSION = 1.0;
				PRODUCT_BUNDLE_IDENTIFIER = me.y1row.landmarks.Landmarks;
				PRODUCT_NAME = "$(TARGET_NAME)";
				SWIFT_EMIT_LOC_STRINGS = YES;
				SWIFT_VERSION = 5.0;
				TARGETED_DEVICE_FAMILY = "1,2";
			};
			name = Debug;
		};
		5913DB302EBCCC8F00308062 /* Release */ = {
			isa = XCBuildConfiguration;
			buildSettings = {
				ASSETCATALOG_COMPILER_APPICON_NAME = AppIcon;
				ASSETCATALOG_COMPILER_GLOBAL_ACCENT_COLOR_NAME = AccentColor;
				CODE_SIGN_STYLE = Automatic;
				CURRENT_PROJECT_VERSION = 1;
				DEVELOPMENT_TEAM = UJMCZFWPX8;
				ENABLE_PREVIEWS = YES;
				GENERATE_INFOPLIST_FILE = YES;
				INFOPLIST_KEY_UIApplicationSceneManifest_Generation = YES;
				INFOPLIST_KEY_UIApplicationSupportsIndirectInputEvents = YES;
				INFOPLIST_KEY_UILaunchScreen_Generation = YES;
				INFOPLIST_KEY_UISupportedInterfaceOrientations_iPad = "UIInterfaceOrientationPortrait UIInterfaceOrientationPortraitUpsideDown UIInterfaceOrientationLandscapeLeft UIInterfaceOrientationLandscapeRight";
				INFOPLIST_KEY_UISupportedInterfaceOrientations_iPhone = "UIInterfaceOrientationPortrait UIInterfaceOrientationLandscapeLeft UIInterfaceOrientationLandscapeRight";
				LD_RUNPATH_SEARCH_PATHS = (
					"$(inherited)",
					"@executable_path/Frameworks",
				);
				MARKETING_VERSION = 1.0;
				PRODUCT_BUNDLE_IDENTIFIER = me.y1row.landmarks.Landmarks;
				PRODUCT_NAME = "$(TARGET_NAME)";
				SWIFT_EMIT_LOC_STRINGS = YES;
				SWIFT_VERSION = 5.0;
				TARGETED_DEVICE_FAMILY = "1,2";
			};
			name = Release;
		};
		5913DB322EBCCC8F00308062 /* Debug */ = {
			isa = XCBuildConfiguration;
			buildSettings = {
				BUNDLE_LOADER = "$(TEST_HOST)";
				CODE_SIGN_STYLE = Automatic;
				CURRENT_PROJECT_VERSION = 1;
				DEVELOPMENT_TEAM = UJMCZFWPX8;
				GENERATE_INFOPLIST_FILE = YES;
				IPHONEOS_DEPLOYMENT_TARGET = 18.4;
				MARKETING_VERSION = 1.0;
				PRODUCT_BUNDLE_IDENTIFIER = me.y1row.landmarks.LandmarksTests;
				PRODUCT_NAME = "$(TARGET_NAME)";
				SWIFT_EMIT_LOC_STRINGS = NO;
				SWIFT_VERSION = 5.0;
				TARGETED_DEVICE_FAMILY = "1,2";
				TEST_HOST = "$(BUILT_PRODUCTS_DIR)/Landmarks.app/$(BUNDLE_EXECUTABLE_FOLDER_PATH)/Landmarks";
			};
			name = Debug;
		};
		5913DB332EBCCC8F00308062 /* Release */ = {
			isa = XCBuildConfiguration;
			buildSettings = {
				BUNDLE_LOADER = "$(TEST_HOST)";
				CODE_SIGN_STYLE = Automatic;
				CURRENT_PROJECT_VERSION = 1;
				DEVELOPMENT_TEAM = UJMCZFWPX8;
				GENERATE_INFOPLIST_FILE = YES;
				IPHONEOS_DEPLOYMENT_TARGET = 18.4;
				MARKETING_VERSION = 1.0;
				PRODUCT_BUNDLE_IDENTIFIER = me.y1row.landmarks.LandmarksTests;
				PRODUCT_NAME = "$(TARGET_NAME)";
				SWIFT_EMIT_LOC_STRINGS = NO;
				SWIFT_VERSION = 5.0;
				TARGETED_DEVICE_FAMILY = "1,2";
				TEST_HOST = "$(BUILT_PRODUCTS_DIR)/Landmarks.app/$(BUNDLE_EXECUTABLE_FOLDER_PATH)/Landmarks";
			};
			name = Release;
		};
		5913DB352EBCCC8F00308062 /* Debug */ = {
			isa = XCBuildConfiguration;
			buildSettings = {
				CODE_SIGN_STYLE = Automatic;
				CURRENT_PROJECT_VERSION = 1;
				DEVELOPMENT_TEAM = UJMCZFWPX8;
				GENERATE_INFOPLIST_FILE = YES;
				MARKETING_VERSION = 1.0;
				PRODUCT_BUNDLE_IDENTIFIER = me.y1row.landmarks.LandmarksUITests;
				PRODUCT_NAME = "$(TARGET_NAME)";
				SWIFT_EMIT_LOC_STRINGS = NO;
				SWIFT_VERSION = 5.0;
				TARGETED_DEVICE_FAMILY = "1,2";
				TEST_TARGET_NAME = Landmarks;
			};
			name = Debug;
		};
		5913DB362EBCCC8F00308062 /* Release */ = {
			isa = XCBuildConfiguration;
			buildSettings = {
				CODE_SIGN_STYLE = Automatic;
				CURRENT_PROJECT_VERSION = 1;
				DEVELOPMENT_TEAM = UJMCZFWPX8;
				GENERATE_INFOPLIST_FILE = YES;
				MARKETING_VERSION = 1.0;
				PRODUCT_BUNDLE_IDENTIFIER = me.y1row.landmarks.LandmarksUITests;
				PRODUCT_NAME = "$(TARGET_NAME)";
				SWIFT_EMIT_LOC_STRINGS = NO;
				SWIFT_VERSION = 5.0;
				TARGETED_DEVICE_FAMILY = "1,2";
				TEST_TARGET_NAME = Landmarks;
			};
			name = Release;
		};
/* End XCBuildConfiguration section */

/* Begin XCConfigurationList section */
		5913DB082EBCCC8D00308062 /* Build configuration list for PBXProject "Landmarks" */ = {
			isa = XCConfigurationList;
			buildConfigurations = (
				5913DB2C2EBCCC8F00308062 /* Debug */,
				5913DB2D2EBCCC8F00308062 /* Release */,
			);
			defaultConfigurationIsVisible = 0;
			defaultConfigurationName = Release;
		};
		5913DB2E2EBCCC8F00308062 /* Build configuration list for PBXNativeTarget "Landmarks" */ = {
			isa = XCConfigurationList;
			buildConfigurations = (
				5913DB2F2EBCCC8F00308062 /* Debug */,
				5913DB302EBCCC8F00308062 /* Release */,
			);
			defaultConfigurationIsVisible = 0;
			defaultConfigurationName = Release;
		};
		5913DB312EBCCC8F00308062 /* Build configuration list for PBXNativeTarget "LandmarksTests" */ = {
			isa = XCConfigurationList;
			buildConfigurations = (
				5913DB322EBCCC8F00308062 /* Debug */,
				5913DB332EBCCC8F00308062 /* Release */,
			);
			defaultConfigurationIsVisible = 0;
			defaultConfigurationName = Release;
		};
		5913DB342EBCCC8F00308062 /* Build configuration list for PBXNativeTarget "LandmarksUITests" */ = {
			isa = XCConfigurationList;
			buildConfigurations = (
				5913DB352EBCCC8F00308062 /* Debug */,
				5913DB362EBCCC8F00308062 /* Release */,
			);
			defaultConfigurationIsVisible = 0;
			defaultConfigurationName = Release;
		};
/* End XCConfigurationList section */
	};
	rootObject = 5913DB052EBCCC8D00308062 /* Project object */;
}
